// !$*UTF8*$!
{
	archiveVersion = 1;
	classes = {
	};
	objectVersion = 46;
	objects = {

/* Begin PBXBuildFile section */
		D11052721A20487A00C56A7E /* AppDelegate.swift in Sources */ = {isa = PBXBuildFile; fileRef = D11052711A20487A00C56A7E /* AppDelegate.swift */; };
		D11052741A20487A00C56A7E /* ViewController.swift in Sources */ = {isa = PBXBuildFile; fileRef = D11052731A20487A00C56A7E /* ViewController.swift */; };
		D11052771A20487A00C56A7E /* Main.storyboard in Resources */ = {isa = PBXBuildFile; fileRef = D11052751A20487A00C56A7E /* Main.storyboard */; };
		D11052791A20487A00C56A7E /* Images.xcassets in Resources */ = {isa = PBXBuildFile; fileRef = D11052781A20487A00C56A7E /* Images.xcassets */; };
		D110527C1A20487A00C56A7E /* LaunchScreen.xib in Resources */ = {isa = PBXBuildFile; fileRef = D110527A1A20487A00C56A7E /* LaunchScreen.xib */; };
		D11052881A20487A00C56A7E /* TodoAppTests.swift in Sources */ = {isa = PBXBuildFile; fileRef = D11052871A20487A00C56A7E /* TodoAppTests.swift */; };
		D11052921A204AC300C56A7E /* Todo.swift in Sources */ = {isa = PBXBuildFile; fileRef = D11052911A204AC300C56A7E /* Todo.swift */; };
		D11052941A204ADF00C56A7E /* TodoTests.swift in Sources */ = {isa = PBXBuildFile; fileRef = D11052931A204ADF00C56A7E /* TodoTests.swift */; };
		D11052961A205B0A00C56A7E /* TodoEmptyTests.swift in Sources */ = {isa = PBXBuildFile; fileRef = D11052951A205B0A00C56A7E /* TodoEmptyTests.swift */; };
		D11052981A205C2200C56A7E /* TodoMultipleItemsTests.swift in Sources */ = {isa = PBXBuildFile; fileRef = D11052971A205C2200C56A7E /* TodoMultipleItemsTests.swift */; };
		D1B72B4A1A207335001CBD39 /* TodoOneItemTests.swift in Sources */ = {isa = PBXBuildFile; fileRef = D1B72B491A207335001CBD39 /* TodoOneItemTests.swift */; };
/* End PBXBuildFile section */

/* Begin PBXContainerItemProxy section */
		D11052821A20487A00C56A7E /* PBXContainerItemProxy */ = {
			isa = PBXContainerItemProxy;
			containerPortal = D11052641A20487A00C56A7E /* Project object */;
			proxyType = 1;
			remoteGlobalIDString = D110526B1A20487A00C56A7E;
			remoteInfo = TodoApp;
		};
/* End PBXContainerItemProxy section */

/* Begin PBXFileReference section */
		D110526C1A20487A00C56A7E /* TodoApp.app */ = {isa = PBXFileReference; explicitFileType = wrapper.application; includeInIndex = 0; path = TodoApp.app; sourceTree = BUILT_PRODUCTS_DIR; };
		D11052701A20487A00C56A7E /* Info.plist */ = {isa = PBXFileReference; lastKnownFileType = text.plist.xml; path = Info.plist; sourceTree = "<group>"; };
		D11052711A20487A00C56A7E /* AppDelegate.swift */ = {isa = PBXFileReference; lastKnownFileType = sourcecode.swift; path = AppDelegate.swift; sourceTree = "<group>"; };
		D11052731A20487A00C56A7E /* ViewController.swift */ = {isa = PBXFileReference; lastKnownFileType = sourcecode.swift; path = ViewController.swift; sourceTree = "<group>"; };
		D11052761A20487A00C56A7E /* Base */ = {isa = PBXFileReference; lastKnownFileType = file.storyboard; name = Base; path = Base.lproj/Main.storyboard; sourceTree = "<group>"; };
		D11052781A20487A00C56A7E /* Images.xcassets */ = {isa = PBXFileReference; lastKnownFileType = folder.assetcatalog; path = Images.xcassets; sourceTree = "<group>"; };
		D110527B1A20487A00C56A7E /* Base */ = {isa = PBXFileReference; lastKnownFileType = file.xib; name = Base; path = Base.lproj/LaunchScreen.xib; sourceTree = "<group>"; };
		D11052811A20487A00C56A7E /* TodoAppTests.xctest */ = {isa = PBXFileReference; explicitFileType = wrapper.cfbundle; includeInIndex = 0; path = TodoAppTests.xctest; sourceTree = BUILT_PRODUCTS_DIR; };
		D11052861A20487A00C56A7E /* Info.plist */ = {isa = PBXFileReference; lastKnownFileType = text.plist.xml; path = Info.plist; sourceTree = "<group>"; };
		D11052871A20487A00C56A7E /* TodoAppTests.swift */ = {isa = PBXFileReference; lastKnownFileType = sourcecode.swift; path = TodoAppTests.swift; sourceTree = "<group>"; };
		D11052911A204AC300C56A7E /* Todo.swift */ = {isa = PBXFileReference; fileEncoding = 4; lastKnownFileType = sourcecode.swift; path = Todo.swift; sourceTree = "<group>"; };
		D11052931A204ADF00C56A7E /* TodoTests.swift */ = {isa = PBXFileReference; fileEncoding = 4; lastKnownFileType = sourcecode.swift; path = TodoTests.swift; sourceTree = "<group>"; };
		D11052951A205B0A00C56A7E /* TodoEmptyTests.swift */ = {isa = PBXFileReference; fileEncoding = 4; lastKnownFileType = sourcecode.swift; path = TodoEmptyTests.swift; sourceTree = "<group>"; };
		D11052971A205C2200C56A7E /* TodoMultipleItemsTests.swift */ = {isa = PBXFileReference; fileEncoding = 4; lastKnownFileType = sourcecode.swift; path = TodoMultipleItemsTests.swift; sourceTree = "<group>"; };
		D1B72B491A207335001CBD39 /* TodoOneItemTests.swift */ = {isa = PBXFileReference; fileEncoding = 4; lastKnownFileType = sourcecode.swift; path = TodoOneItemTests.swift; sourceTree = "<group>"; };
/* End PBXFileReference section */

/* Begin PBXFrameworksBuildPhase section */
		D11052691A20487A00C56A7E /* Frameworks */ = {
			isa = PBXFrameworksBuildPhase;
			buildActionMask = 2147483647;
			files = (
			);
			runOnlyForDeploymentPostprocessing = 0;
		};
		D110527E1A20487A00C56A7E /* Frameworks */ = {
			isa = PBXFrameworksBuildPhase;
			buildActionMask = 2147483647;
			files = (
			);
			runOnlyForDeploymentPostprocessing = 0;
		};
/* End PBXFrameworksBuildPhase section */

/* Begin PBXGroup section */
		D11052631A20487A00C56A7E = {
			isa = PBXGroup;
			children = (
				D110526E1A20487A00C56A7E /* TodoApp */,
				D11052841A20487A00C56A7E /* TodoAppTests */,
				D110526D1A20487A00C56A7E /* Products */,
			);
			sourceTree = "<group>";
		};
		D110526D1A20487A00C56A7E /* Products */ = {
			isa = PBXGroup;
			children = (
				D110526C1A20487A00C56A7E /* TodoApp.app */,
				D11052811A20487A00C56A7E /* TodoAppTests.xctest */,
			);
			name = Products;
			sourceTree = "<group>";
		};
		D110526E1A20487A00C56A7E /* TodoApp */ = {
			isa = PBXGroup;
			children = (
				D11052711A20487A00C56A7E /* AppDelegate.swift */,
				D11052731A20487A00C56A7E /* ViewController.swift */,
				D11052751A20487A00C56A7E /* Main.storyboard */,
				D11052781A20487A00C56A7E /* Images.xcassets */,
				D110527A1A20487A00C56A7E /* LaunchScreen.xib */,
				D110526F1A20487A00C56A7E /* Supporting Files */,
				D11052911A204AC300C56A7E /* Todo.swift */,
			);
			path = TodoApp;
			sourceTree = "<group>";
		};
		D110526F1A20487A00C56A7E /* Supporting Files */ = {
			isa = PBXGroup;
			children = (
				D11052701A20487A00C56A7E /* Info.plist */,
			);
			name = "Supporting Files";
			sourceTree = "<group>";
		};
		D11052841A20487A00C56A7E /* TodoAppTests */ = {
			isa = PBXGroup;
			children = (
				D11052871A20487A00C56A7E /* TodoAppTests.swift */,
				D11052851A20487A00C56A7E /* Supporting Files */,
				D11052931A204ADF00C56A7E /* TodoTests.swift */,
				D1B72B491A207335001CBD39 /* TodoOneItemTests.swift */,
				D11052951A205B0A00C56A7E /* TodoEmptyTests.swift */,
				D11052971A205C2200C56A7E /* TodoMultipleItemsTests.swift */,
			);
			path = TodoAppTests;
			sourceTree = "<group>";
		};
		D11052851A20487A00C56A7E /* Supporting Files */ = {
			isa = PBXGroup;
			children = (
				D11052861A20487A00C56A7E /* Info.plist */,
			);
			name = "Supporting Files";
			sourceTree = "<group>";
		};
/* End PBXGroup section */

/* Begin PBXNativeTarget section */
		D110526B1A20487A00C56A7E /* TodoApp */ = {
			isa = PBXNativeTarget;
			buildConfigurationList = D110528B1A20487A00C56A7E /* Build configuration list for PBXNativeTarget "TodoApp" */;
			buildPhases = (
				D11052681A20487A00C56A7E /* Sources */,
				D11052691A20487A00C56A7E /* Frameworks */,
				D110526A1A20487A00C56A7E /* Resources */,
			);
			buildRules = (
			);
			dependencies = (
			);
			name = TodoApp;
			productName = TodoApp;
			productReference = D110526C1A20487A00C56A7E /* TodoApp.app */;
			productType = "com.apple.product-type.application";
		};
		D11052801A20487A00C56A7E /* TodoAppTests */ = {
			isa = PBXNativeTarget;
			buildConfigurationList = D110528E1A20487A00C56A7E /* Build configuration list for PBXNativeTarget "TodoAppTests" */;
			buildPhases = (
				D110527D1A20487A00C56A7E /* Sources */,
				D110527E1A20487A00C56A7E /* Frameworks */,
				D110527F1A20487A00C56A7E /* Resources */,
			);
			buildRules = (
			);
			dependencies = (
				D11052831A20487A00C56A7E /* PBXTargetDependency */,
			);
			name = TodoAppTests;
			productName = TodoAppTests;
			productReference = D11052811A20487A00C56A7E /* TodoAppTests.xctest */;
			productType = "com.apple.product-type.bundle.unit-test";
		};
/* End PBXNativeTarget section */

/* Begin PBXProject section */
		D11052641A20487A00C56A7E /* Project object */ = {
			isa = PBXProject;
			attributes = {
				LastUpgradeCheck = 0610;
				TargetAttributes = {
					D110526B1A20487A00C56A7E = {
						CreatedOnToolsVersion = 6.1;
					};
					D11052801A20487A00C56A7E = {
						CreatedOnToolsVersion = 6.1;
						TestTargetID = D110526B1A20487A00C56A7E;
					};
				};
			};
			buildConfigurationList = D11052671A20487A00C56A7E /* Build configuration list for PBXProject "TodoApp" */;
			compatibilityVersion = "Xcode 3.2";
			developmentRegion = English;
			hasScannedForEncodings = 0;
			knownRegions = (
				en,
				Base,
			);
			mainGroup = D11052631A20487A00C56A7E;
			productRefGroup = D110526D1A20487A00C56A7E /* Products */;
			projectDirPath = "";
			projectRoot = "";
			targets = (
				D110526B1A20487A00C56A7E /* TodoApp */,
				D11052801A20487A00C56A7E /* TodoAppTests */,
			);
		};
/* End PBXProject section */

/* Begin PBXResourcesBuildPhase section */
		D110526A1A20487A00C56A7E /* Resources */ = {
			isa = PBXResourcesBuildPhase;
			buildActionMask = 2147483647;
			files = (
				D11052771A20487A00C56A7E /* Main.storyboard in Resources */,
				D110527C1A20487A00C56A7E /* LaunchScreen.xib in Resources */,
				D11052791A20487A00C56A7E /* Images.xcassets in Resources */,
			);
			runOnlyForDeploymentPostprocessing = 0;
		};
		D110527F1A20487A00C56A7E /* Resources */ = {
			isa = PBXResourcesBuildPhase;
			buildActionMask = 2147483647;
			files = (
			);
			runOnlyForDeploymentPostprocessing = 0;
		};
/* End PBXResourcesBuildPhase section */

/* Begin PBXSourcesBuildPhase section */
		D11052681A20487A00C56A7E /* Sources */ = {
			isa = PBXSourcesBuildPhase;
			buildActionMask = 2147483647;
			files = (
				D11052741A20487A00C56A7E /* ViewController.swift in Sources */,
				D11052921A204AC300C56A7E /* Todo.swift in Sources */,
				D11052721A20487A00C56A7E /* AppDelegate.swift in Sources */,
			);
			runOnlyForDeploymentPostprocessing = 0;
		};
		D110527D1A20487A00C56A7E /* Sources */ = {
			isa = PBXSourcesBuildPhase;
			buildActionMask = 2147483647;
			files = (
				D11052881A20487A00C56A7E /* TodoAppTests.swift in Sources */,
				D11052961A205B0A00C56A7E /* TodoEmptyTests.swift in Sources */,
				D11052981A205C2200C56A7E /* TodoMultipleItemsTests.swift in Sources */,
				D1B72B4A1A207335001CBD39 /* TodoOneItemTests.swift in Sources */,
				D11052941A204ADF00C56A7E /* TodoTests.swift in Sources */,
			);
			runOnlyForDeploymentPostprocessing = 0;
		};
/* End PBXSourcesBuildPhase section */

/* Begin PBXTargetDependency section */
		D11052831A20487A00C56A7E /* PBXTargetDependency */ = {
			isa = PBXTargetDependency;
			target = D110526B1A20487A00C56A7E /* TodoApp */;
			targetProxy = D11052821A20487A00C56A7E /* PBXContainerItemProxy */;
		};
/* End PBXTargetDependency section */

/* Begin PBXVariantGroup section */
		D11052751A20487A00C56A7E /* Main.storyboard */ = {
			isa = PBXVariantGroup;
			children = (
				D11052761A20487A00C56A7E /* Base */,
			);
			name = Main.storyboard;
			sourceTree = "<group>";
		};
		D110527A1A20487A00C56A7E /* LaunchScreen.xib */ = {
			isa = PBXVariantGroup;
			children = (
				D110527B1A20487A00C56A7E /* Base */,
			);
			name = LaunchScreen.xib;
			sourceTree = "<group>";
		};
/* End PBXVariantGroup section */

/* Begin XCBuildConfiguration section */
		D11052891A20487A00C56A7E /* Debug */ = {
			isa = XCBuildConfiguration;
			buildSettings = {
				ALWAYS_SEARCH_USER_PATHS = NO;
				CLANG_CXX_LANGUAGE_STANDARD = "gnu++0x";
				CLANG_CXX_LIBRARY = "libc++";
				CLANG_ENABLE_MODULES = YES;
				CLANG_ENABLE_OBJC_ARC = YES;
				CLANG_WARN_BOOL_CONVERSION = YES;
				CLANG_WARN_CONSTANT_CONVERSION = YES;
				CLANG_WARN_DIRECT_OBJC_ISA_USAGE = YES_ERROR;
				CLANG_WARN_EMPTY_BODY = YES;
				CLANG_WARN_ENUM_CONVERSION = YES;
				CLANG_WARN_INT_CONVERSION = YES;
				CLANG_WARN_OBJC_ROOT_CLASS = YES_ERROR;
				CLANG_WARN_UNREACHABLE_CODE = YES;
				CLANG_WARN__DUPLICATE_METHOD_MATCH = YES;
				"CODE_SIGN_IDENTITY[sdk=iphoneos*]" = "iPhone Developer";
				COPY_PHASE_STRIP = NO;
				ENABLE_STRICT_OBJC_MSGSEND = YES;
				GCC_C_LANGUAGE_STANDARD = gnu99;
				GCC_DYNAMIC_NO_PIC = NO;
				GCC_OPTIMIZATION_LEVEL = 0;
				GCC_PREPROCESSOR_DEFINITIONS = (
					"DEBUG=1",
					"$(inherited)",
				);
				GCC_SYMBOLS_PRIVATE_EXTERN = NO;
				GCC_WARN_64_TO_32_BIT_CONVERSION = YES;
				GCC_WARN_ABOUT_RETURN_TYPE = YES_ERROR;
				GCC_WARN_UNDECLARED_SELECTOR = YES;
				GCC_WARN_UNINITIALIZED_AUTOS = YES_AGGRESSIVE;
				GCC_WARN_UNUSED_FUNCTION = YES;
				GCC_WARN_UNUSED_VARIABLE = YES;
				IPHONEOS_DEPLOYMENT_TARGET = 8.1;
				MTL_ENABLE_DEBUG_INFO = YES;
				ONLY_ACTIVE_ARCH = YES;
				SDKROOT = iphoneos;
				SWIFT_OPTIMIZATION_LEVEL = "-Onone";
				TARGETED_DEVICE_FAMILY = "1,2";
			};
			name = Debug;
		};
		D110528A1A20487A00C56A7E /* Release */ = {
			isa = XCBuildConfiguration;
			buildSettings = {
				ALWAYS_SEARCH_USER_PATHS = NO;
				CLANG_CXX_LANGUAGE_STANDARD = "gnu++0x";
				CLANG_CXX_LIBRARY = "libc++";
				CLANG_ENABLE_MODULES = YES;
				CLANG_ENABLE_OBJC_ARC = YES;
				CLANG_WARN_BOOL_CONVERSION = YES;
				CLANG_WARN_CONSTANT_CONVERSION = YES;
				CLANG_WARN_DIRECT_OBJC_ISA_USAGE = YES_ERROR;
				CLANG_WARN_EMPTY_BODY = YES;
				CLANG_WARN_ENUM_CONVERSION = YES;
				CLANG_WARN_INT_CONVERSION = YES;
				CLANG_WARN_OBJC_ROOT_CLASS = YES_ERROR;
				CLANG_WARN_UNREACHABLE_CODE = YES;
				CLANG_WARN__DUPLICATE_METHOD_MATCH = YES;
				"CODE_SIGN_IDENTITY[sdk=iphoneos*]" = "iPhone Developer";
				COPY_PHASE_STRIP = YES;
				ENABLE_NS_ASSERTIONS = NO;
				ENABLE_STRICT_OBJC_MSGSEND = YES;
				GCC_C_LANGUAGE_STANDARD = gnu99;
				GCC_WARN_64_TO_32_BIT_CONVERSION = YES;
				GCC_WARN_ABOUT_RETURN_TYPE = YES_ERROR;
				GCC_WARN_UNDECLARED_SELECTOR = YES;
				GCC_WARN_UNINITIALIZED_AUTOS = YES_AGGRESSIVE;
				GCC_WARN_UNUSED_FUNCTION = YES;
				GCC_WARN_UNUSED_VARIABLE = YES;
				IPHONEOS_DEPLOYMENT_TARGET = 8.1;
				MTL_ENABLE_DEBUG_INFO = NO;
				SDKROOT = iphoneos;
				TARGETED_DEVICE_FAMILY = "1,2";
				VALIDATE_PRODUCT = YES;
			};
			name = Release;
		};
		D110528C1A20487A00C56A7E /* Debug */ = {
			isa = XCBuildConfiguration;
			buildSettings = {
				ASSETCATALOG_COMPILER_APPICON_NAME = AppIcon;
				INFOPLIST_FILE = TodoApp/Info.plist;
				LD_RUNPATH_SEARCH_PATHS = "$(inherited) @executable_path/Frameworks";
				PRODUCT_NAME = "$(TARGET_NAME)";
			};
			name = Debug;
		};
		D110528D1A20487A00C56A7E /* Release */ = {
			isa = XCBuildConfiguration;
			buildSettings = {
				ASSETCATALOG_COMPILER_APPICON_NAME = AppIcon;
				INFOPLIST_FILE = TodoApp/Info.plist;
				LD_RUNPATH_SEARCH_PATHS = "$(inherited) @executable_path/Frameworks";
				PRODUCT_NAME = "$(TARGET_NAME)";
			};
			name = Release;
		};
		D110528F1A20487A00C56A7E /* Debug */ = {
			isa = XCBuildConfiguration;
			buildSettings = {
				BUNDLE_LOADER = "$(TEST_HOST)";
				FRAMEWORK_SEARCH_PATHS = (
					"$(SDKROOT)/Developer/Library/Frameworks",
					"$(inherited)",
				);
				GCC_PREPROCESSOR_DEFINITIONS = (
					"DEBUG=1",
					"$(inherited)",
				);
				INFOPLIST_FILE = TodoAppTests/Info.plist;
				LD_RUNPATH_SEARCH_PATHS = "$(inherited) @executable_path/Frameworks @loader_path/Frameworks";
				PRODUCT_NAME = "$(TARGET_NAME)";
				TEST_HOST = "$(BUILT_PRODUCTS_DIR)/TodoApp.app/TodoApp";
			};
			name = Debug;
		};
		D11052901A20487A00C56A7E /* Release */ = {
			isa = XCBuildConfiguration;
			buildSettings = {
				BUNDLE_LOADER = "$(TEST_HOST)";
				FRAMEWORK_SEARCH_PATHS = (
					"$(SDKROOT)/Developer/Library/Frameworks",
					"$(inherited)",
				);
				INFOPLIST_FILE = TodoAppTests/Info.plist;
				LD_RUNPATH_SEARCH_PATHS = "$(inherited) @executable_path/Frameworks @loader_path/Frameworks";
				PRODUCT_NAME = "$(TARGET_NAME)";
				TEST_HOST = "$(BUILT_PRODUCTS_DIR)/TodoApp.app/TodoApp";
			};
			name = Release;
		};
/* End XCBuildConfiguration section */

/* Begin XCConfigurationList section */
		D11052671A20487A00C56A7E /* Build configuration list for PBXProject "TodoApp" */ = {
			isa = XCConfigurationList;
			buildConfigurations = (
				D11052891A20487A00C56A7E /* Debug */,
				D110528A1A20487A00C56A7E /* Release */,
			);
			defaultConfigurationIsVisible = 0;
			defaultConfigurationName = Release;
		};
		D110528B1A20487A00C56A7E /* Build configuration list for PBXNativeTarget "TodoApp" */ = {
			isa = XCConfigurationList;
			buildConfigurations = (
				D110528C1A20487A00C56A7E /* Debug */,
				D110528D1A20487A00C56A7E /* Release */,
			);
			defaultConfigurationIsVisible = 0;
			defaultConfigurationName = Release;
		};
		D110528E1A20487A00C56A7E /* Build configuration list for PBXNativeTarget "TodoAppTests" */ = {
			isa = XCConfigurationList;
			buildConfigurations = (
				D110528F1A20487A00C56A7E /* Debug */,
				D11052901A20487A00C56A7E /* Release */,
			);
			defaultConfigurationIsVisible = 0;
			defaultConfigurationName = Release;
		};
/* End XCConfigurationList section */
	};
	rootObject = D11052641A20487A00C56A7E /* Project object */;
}
